// !$*UTF8*$!
{
	archiveVersion = 1;
	classes = {
	};
	objectVersion = 48;
	objects = {

/* Begin PBXBuildFile section */
		48C156B6223B2F9700AC6B44 /* AppDelegate.swift in Sources */ = {isa = PBXBuildFile; fileRef = 48C156B5223B2F9700AC6B44 /* AppDelegate.swift */; };
		48C156B8223B2F9700AC6B44 /* ViewController.swift in Sources */ = {isa = PBXBuildFile; fileRef = 48C156B7223B2F9700AC6B44 /* ViewController.swift */; };
		48C156BB223B2F9700AC6B44 /* Main.storyboard in Resources */ = {isa = PBXBuildFile; fileRef = 48C156B9223B2F9700AC6B44 /* Main.storyboard */; };
		48C156BD223B2F9700AC6B44 /* Assets.xcassets in Resources */ = {isa = PBXBuildFile; fileRef = 48C156BC223B2F9700AC6B44 /* Assets.xcassets */; };
		48C156C0223B2F9700AC6B44 /* LaunchScreen.storyboard in Resources */ = {isa = PBXBuildFile; fileRef = 48C156BE223B2F9700AC6B44 /* LaunchScreen.storyboard */; };
		48C156CB223B2F9700AC6B44 /* firebase_demoTests.swift in Sources */ = {isa = PBXBuildFile; fileRef = 48C156CA223B2F9700AC6B44 /* firebase_demoTests.swift */; };
		48C156D6223B2F9700AC6B44 /* firebase_demoUITests.swift in Sources */ = {isa = PBXBuildFile; fileRef = 48C156D5223B2F9700AC6B44 /* firebase_demoUITests.swift */; };
/* End PBXBuildFile section */

/* Begin PBXContainerItemProxy section */
		48C156C7223B2F9700AC6B44 /* PBXContainerItemProxy */ = {
			isa = PBXContainerItemProxy;
			containerPortal = 48C156AA223B2F9700AC6B44 /* Project object */;
			proxyType = 1;
			remoteGlobalIDString = 48C156B1223B2F9700AC6B44;
			remoteInfo = "firebase-demo";
		};
		48C156D2223B2F9700AC6B44 /* PBXContainerItemProxy */ = {
			isa = PBXContainerItemProxy;
			containerPortal = 48C156AA223B2F9700AC6B44 /* Project object */;
			proxyType = 1;
			remoteGlobalIDString = 48C156B1223B2F9700AC6B44;
			remoteInfo = "firebase-demo";
		};
/* End PBXContainerItemProxy section */

/* Begin PBXFileReference section */
		48C156B2223B2F9700AC6B44 /* firebase-demo.app */ = {isa = PBXFileReference; explicitFileType = wrapper.application; includeInIndex = 0; path = "firebase-demo.app"; sourceTree = BUILT_PRODUCTS_DIR; };
		48C156B5223B2F9700AC6B44 /* AppDelegate.swift */ = {isa = PBXFileReference; lastKnownFileType = sourcecode.swift; path = AppDelegate.swift; sourceTree = "<group>"; };
		48C156B7223B2F9700AC6B44 /* ViewController.swift */ = {isa = PBXFileReference; lastKnownFileType = sourcecode.swift; path = ViewController.swift; sourceTree = "<group>"; };
		48C156BA223B2F9700AC6B44 /* Base */ = {isa = PBXFileReference; lastKnownFileType = file.storyboard; name = Base; path = Base.lproj/Main.storyboard; sourceTree = "<group>"; };
		48C156BC223B2F9700AC6B44 /* Assets.xcassets */ = {isa = PBXFileReference; lastKnownFileType = folder.assetcatalog; path = Assets.xcassets; sourceTree = "<group>"; };
		48C156BF223B2F9700AC6B44 /* Base */ = {isa = PBXFileReference; lastKnownFileType = file.storyboard; name = Base; path = Base.lproj/LaunchScreen.storyboard; sourceTree = "<group>"; };
		48C156C1223B2F9700AC6B44 /* Info.plist */ = {isa = PBXFileReference; lastKnownFileType = text.plist.xml; path = Info.plist; sourceTree = "<group>"; };
		48C156C6223B2F9700AC6B44 /* firebase-demoTests.xctest */ = {isa = PBXFileReference; explicitFileType = wrapper.cfbundle; includeInIndex = 0; path = "firebase-demoTests.xctest"; sourceTree = BUILT_PRODUCTS_DIR; };
		48C156CA223B2F9700AC6B44 /* firebase_demoTests.swift */ = {isa = PBXFileReference; lastKnownFileType = sourcecode.swift; path = firebase_demoTests.swift; sourceTree = "<group>"; };
		48C156CC223B2F9700AC6B44 /* Info.plist */ = {isa = PBXFileReference; lastKnownFileType = text.plist.xml; path = Info.plist; sourceTree = "<group>"; };
		48C156D1223B2F9700AC6B44 /* firebase-demoUITests.xctest */ = {isa = PBXFileReference; explicitFileType = wrapper.cfbundle; includeInIndex = 0; path = "firebase-demoUITests.xctest"; sourceTree = BUILT_PRODUCTS_DIR; };
		48C156D5223B2F9700AC6B44 /* firebase_demoUITests.swift */ = {isa = PBXFileReference; lastKnownFileType = sourcecode.swift; path = firebase_demoUITests.swift; sourceTree = "<group>"; };
		48C156D7223B2F9700AC6B44 /* Info.plist */ = {isa = PBXFileReference; lastKnownFileType = text.plist.xml; path = Info.plist; sourceTree = "<group>"; };
/* End PBXFileReference section */

/* Begin PBXFrameworksBuildPhase section */
		48C156AF223B2F9700AC6B44 /* Frameworks */ = {
			isa = PBXFrameworksBuildPhase;
			buildActionMask = 2147483647;
			files = (
			);
			runOnlyForDeploymentPostprocessing = 0;
		};
		48C156C3223B2F9700AC6B44 /* Frameworks */ = {
			isa = PBXFrameworksBuildPhase;
			buildActionMask = 2147483647;
			files = (
			);
			runOnlyForDeploymentPostprocessing = 0;
		};
		48C156CE223B2F9700AC6B44 /* Frameworks */ = {
			isa = PBXFrameworksBuildPhase;
			buildActionMask = 2147483647;
			files = (
			);
			runOnlyForDeploymentPostprocessing = 0;
		};
/* End PBXFrameworksBuildPhase section */

/* Begin PBXGroup section */
		48C156A9223B2F9700AC6B44 = {
			isa = PBXGroup;
			children = (
				48C156B4223B2F9700AC6B44 /* firebase-demo */,
				48C156C9223B2F9700AC6B44 /* firebase-demoTests */,
				48C156D4223B2F9700AC6B44 /* firebase-demoUITests */,
				48C156B3223B2F9700AC6B44 /* Products */,
			);
			sourceTree = "<group>";
		};
		48C156B3223B2F9700AC6B44 /* Products */ = {
			isa = PBXGroup;
			children = (
				48C156B2223B2F9700AC6B44 /* firebase-demo.app */,
				48C156C6223B2F9700AC6B44 /* firebase-demoTests.xctest */,
				48C156D1223B2F9700AC6B44 /* firebase-demoUITests.xctest */,
			);
			name = Products;
			sourceTree = "<group>";
		};
		48C156B4223B2F9700AC6B44 /* firebase-demo */ = {
			isa = PBXGroup;
			children = (
				48C156B5223B2F9700AC6B44 /* AppDelegate.swift */,
				48C156B7223B2F9700AC6B44 /* ViewController.swift */,
				48C156B9223B2F9700AC6B44 /* Main.storyboard */,
				48C156BC223B2F9700AC6B44 /* Assets.xcassets */,
				48C156BE223B2F9700AC6B44 /* LaunchScreen.storyboard */,
				48C156C1223B2F9700AC6B44 /* Info.plist */,
			);
			path = "firebase-demo";
			sourceTree = "<group>";
		};
		48C156C9223B2F9700AC6B44 /* firebase-demoTests */ = {
			isa = PBXGroup;
			children = (
				48C156CA223B2F9700AC6B44 /* firebase_demoTests.swift */,
				48C156CC223B2F9700AC6B44 /* Info.plist */,
			);
			path = "firebase-demoTests";
			sourceTree = "<group>";
		};
		48C156D4223B2F9700AC6B44 /* firebase-demoUITests */ = {
			isa = PBXGroup;
			children = (
				48C156D5223B2F9700AC6B44 /* firebase_demoUITests.swift */,
				48C156D7223B2F9700AC6B44 /* Info.plist */,
			);
			path = "firebase-demoUITests";
			sourceTree = "<group>";
		};
/* End PBXGroup section */

/* Begin PBXNativeTarget section */
		48C156B1223B2F9700AC6B44 /* firebase-demo */ = {
			isa = PBXNativeTarget;
			buildConfigurationList = 48C156DA223B2F9700AC6B44 /* Build configuration list for PBXNativeTarget "firebase-demo" */;
			buildPhases = (
				48C156AE223B2F9700AC6B44 /* Sources */,
				48C156AF223B2F9700AC6B44 /* Frameworks */,
				48C156B0223B2F9700AC6B44 /* Resources */,
			);
			buildRules = (
			);
			dependencies = (
			);
			name = "firebase-demo";
			productName = "firebase-demo";
			productReference = 48C156B2223B2F9700AC6B44 /* firebase-demo.app */;
			productType = "com.apple.product-type.application";
		};
		48C156C5223B2F9700AC6B44 /* firebase-demoTests */ = {
			isa = PBXNativeTarget;
			buildConfigurationList = 48C156DD223B2F9700AC6B44 /* Build configuration list for PBXNativeTarget "firebase-demoTests" */;
			buildPhases = (
				48C156C2223B2F9700AC6B44 /* Sources */,
				48C156C3223B2F9700AC6B44 /* Frameworks */,
				48C156C4223B2F9700AC6B44 /* Resources */,
			);
			buildRules = (
			);
			dependencies = (
				48C156C8223B2F9700AC6B44 /* PBXTargetDependency */,
			);
			name = "firebase-demoTests";
			productName = "firebase-demoTests";
			productReference = 48C156C6223B2F9700AC6B44 /* firebase-demoTests.xctest */;
			productType = "com.apple.product-type.bundle.unit-test";
		};
		48C156D0223B2F9700AC6B44 /* firebase-demoUITests */ = {
			isa = PBXNativeTarget;
			buildConfigurationList = 48C156E0223B2F9700AC6B44 /* Build configuration list for PBXNativeTarget "firebase-demoUITests" */;
			buildPhases = (
				48C156CD223B2F9700AC6B44 /* Sources */,
				48C156CE223B2F9700AC6B44 /* Frameworks */,
				48C156CF223B2F9700AC6B44 /* Resources */,
			);
			buildRules = (
			);
			dependencies = (
				48C156D3223B2F9700AC6B44 /* PBXTargetDependency */,
			);
			name = "firebase-demoUITests";
			productName = "firebase-demoUITests";
			productReference = 48C156D1223B2F9700AC6B44 /* firebase-demoUITests.xctest */;
			productType = "com.apple.product-type.bundle.ui-testing";
		};
/* End PBXNativeTarget section */

/* Begin PBXProject section */
		48C156AA223B2F9700AC6B44 /* Project object */ = {
			isa = PBXProject;
			attributes = {
				LastSwiftUpdateCheck = 0920;
				LastUpgradeCheck = 0920;
				ORGANIZATIONNAME = Bitsmith;
				TargetAttributes = {
					48C156B1223B2F9700AC6B44 = {
						CreatedOnToolsVersion = 9.2;
						ProvisioningStyle = Automatic;
					};
					48C156C5223B2F9700AC6B44 = {
						CreatedOnToolsVersion = 9.2;
						ProvisioningStyle = Automatic;
						TestTargetID = 48C156B1223B2F9700AC6B44;
					};
					48C156D0223B2F9700AC6B44 = {
						CreatedOnToolsVersion = 9.2;
						ProvisioningStyle = Automatic;
						TestTargetID = 48C156B1223B2F9700AC6B44;
					};
				};
			};
			buildConfigurationList = 48C156AD223B2F9700AC6B44 /* Build configuration list for PBXProject "firebase-demo" */;
			compatibilityVersion = "Xcode 8.0";
			developmentRegion = en;
			hasScannedForEncodings = 0;
			knownRegions = (
				en,
				Base,
			);
			mainGroup = 48C156A9223B2F9700AC6B44;
			productRefGroup = 48C156B3223B2F9700AC6B44 /* Products */;
			projectDirPath = "";
			projectRoot = "";
			targets = (
				48C156B1223B2F9700AC6B44 /* firebase-demo */,
				48C156C5223B2F9700AC6B44 /* firebase-demoTests */,
				48C156D0223B2F9700AC6B44 /* firebase-demoUITests */,
			);
		};
/* End PBXProject section */

/* Begin PBXResourcesBuildPhase section */
		48C156B0223B2F9700AC6B44 /* Resources */ = {
			isa = PBXResourcesBuildPhase;
			buildActionMask = 2147483647;
			files = (
				48C156C0223B2F9700AC6B44 /* LaunchScreen.storyboard in Resources */,
				48C156BD223B2F9700AC6B44 /* Assets.xcassets in Resources */,
				48C156BB223B2F9700AC6B44 /* Main.storyboard in Resources */,
			);
			runOnlyForDeploymentPostprocessing = 0;
		};
		48C156C4223B2F9700AC6B44 /* Resources */ = {
			isa = PBXResourcesBuildPhase;
			buildActionMask = 2147483647;
			files = (
			);
			runOnlyForDeploymentPostprocessing = 0;
		};
		48C156CF223B2F9700AC6B44 /* Resources */ = {
			isa = PBXResourcesBuildPhase;
			buildActionMask = 2147483647;
			files = (
			);
			runOnlyForDeploymentPostprocessing = 0;
		};
/* End PBXResourcesBuildPhase section */

/* Begin PBXSourcesBuildPhase section */
		48C156AE223B2F9700AC6B44 /* Sources */ = {
			isa = PBXSourcesBuildPhase;
			buildActionMask = 2147483647;
			files = (
				48C156B8223B2F9700AC6B44 /* ViewController.swift in Sources */,
				48C156B6223B2F9700AC6B44 /* AppDelegate.swift in Sources */,
			);
			runOnlyForDeploymentPostprocessing = 0;
		};
		48C156C2223B2F9700AC6B44 /* Sources */ = {
			isa = PBXSourcesBuildPhase;
			buildActionMask = 2147483647;
			files = (
				48C156CB223B2F9700AC6B44 /* firebase_demoTests.swift in Sources */,
			);
			runOnlyForDeploymentPostprocessing = 0;
		};
		48C156CD223B2F9700AC6B44 /* Sources */ = {
			isa = PBXSourcesBuildPhase;
			buildActionMask = 2147483647;
			files = (
				48C156D6223B2F9700AC6B44 /* firebase_demoUITests.swift in Sources */,
			);
			runOnlyForDeploymentPostprocessing = 0;
		};
/* End PBXSourcesBuildPhase section */

/* Begin PBXTargetDependency section */
		48C156C8223B2F9700AC6B44 /* PBXTargetDependency */ = {
			isa = PBXTargetDependency;
			target = 48C156B1223B2F9700AC6B44 /* firebase-demo */;
			targetProxy = 48C156C7223B2F9700AC6B44 /* PBXContainerItemProxy */;
		};
		48C156D3223B2F9700AC6B44 /* PBXTargetDependency */ = {
			isa = PBXTargetDependency;
			target = 48C156B1223B2F9700AC6B44 /* firebase-demo */;
			targetProxy = 48C156D2223B2F9700AC6B44 /* PBXContainerItemProxy */;
		};
/* End PBXTargetDependency section */

/* Begin PBXVariantGroup section */
		48C156B9223B2F9700AC6B44 /* Main.storyboard */ = {
			isa = PBXVariantGroup;
			children = (
				48C156BA223B2F9700AC6B44 /* Base */,
			);
			name = Main.storyboard;
			sourceTree = "<group>";
		};
		48C156BE223B2F9700AC6B44 /* LaunchScreen.storyboard */ = {
			isa = PBXVariantGroup;
			children = (
				48C156BF223B2F9700AC6B44 /* Base */,
			);
			name = LaunchScreen.storyboard;
			sourceTree = "<group>";
		};
/* End PBXVariantGroup section */

/* Begin XCBuildConfiguration section */
		48C156D8223B2F9700AC6B44 /* Debug */ = {
			isa = XCBuildConfiguration;
			buildSettings = {
				ALWAYS_SEARCH_USER_PATHS = NO;
				CLANG_ANALYZER_NONNULL = YES;
				CLANG_ANALYZER_NUMBER_OBJECT_CONVERSION = YES_AGGRESSIVE;
				CLANG_CXX_LANGUAGE_STANDARD = "gnu++14";
				CLANG_CXX_LIBRARY = "libc++";
				CLANG_ENABLE_MODULES = YES;
				CLANG_ENABLE_OBJC_ARC = YES;
				CLANG_WARN_BLOCK_CAPTURE_AUTORELEASING = YES;
				CLANG_WARN_BOOL_CONVERSION = YES;
				CLANG_WARN_COMMA = YES;
				CLANG_WARN_CONSTANT_CONVERSION = YES;
				CLANG_WARN_DIRECT_OBJC_ISA_USAGE = YES_ERROR;
				CLANG_WARN_DOCUMENTATION_COMMENTS = YES;
				CLANG_WARN_EMPTY_BODY = YES;
				CLANG_WARN_ENUM_CONVERSION = YES;
				CLANG_WARN_INFINITE_RECURSION = YES;
				CLANG_WARN_INT_CONVERSION = YES;
				CLANG_WARN_NON_LITERAL_NULL_CONVERSION = YES;
				CLANG_WARN_OBJC_LITERAL_CONVERSION = YES;
				CLANG_WARN_OBJC_ROOT_CLASS = YES_ERROR;
				CLANG_WARN_RANGE_LOOP_ANALYSIS = YES;
				CLANG_WARN_STRICT_PROTOTYPES = YES;
				CLANG_WARN_SUSPICIOUS_MOVE = YES;
				CLANG_WARN_UNGUARDED_AVAILABILITY = YES_AGGRESSIVE;
				CLANG_WARN_UNREACHABLE_CODE = YES;
				CLANG_WARN__DUPLICATE_METHOD_MATCH = YES;
				CODE_SIGN_IDENTITY = "iPhone Developer";
				COPY_PHASE_STRIP = NO;
				DEBUG_INFORMATION_FORMAT = dwarf;
				ENABLE_STRICT_OBJC_MSGSEND = YES;
				ENABLE_TESTABILITY = YES;
				GCC_C_LANGUAGE_STANDARD = gnu11;
				GCC_DYNAMIC_NO_PIC = NO;
				GCC_NO_COMMON_BLOCKS = YES;
				GCC_OPTIMIZATION_LEVEL = 0;
				GCC_PREPROCESSOR_DEFINITIONS = (
					"DEBUG=1",
					"$(inherited)",
				);
				GCC_WARN_64_TO_32_BIT_CONVERSION = YES;
				GCC_WARN_ABOUT_RETURN_TYPE = YES_ERROR;
				GCC_WARN_UNDECLARED_SELECTOR = YES;
				GCC_WARN_UNINITIALIZED_AUTOS = YES_AGGRESSIVE;
				GCC_WARN_UNUSED_FUNCTION = YES;
				GCC_WARN_UNUSED_VARIABLE = YES;
				IPHONEOS_DEPLOYMENT_TARGET = 11.2;
				MTL_ENABLE_DEBUG_INFO = YES;
				ONLY_ACTIVE_ARCH = YES;
				SDKROOT = iphoneos;
				SWIFT_ACTIVE_COMPILATION_CONDITIONS = DEBUG;
				SWIFT_OPTIMIZATION_LEVEL = "-Onone";
			};
			name = Debug;
		};
		48C156D9223B2F9700AC6B44 /* Release */ = {
			isa = XCBuildConfiguration;
			buildSettings = {
				ALWAYS_SEARCH_USER_PATHS = NO;
				CLANG_ANALYZER_NONNULL = YES;
				CLANG_ANALYZER_NUMBER_OBJECT_CONVERSION = YES_AGGRESSIVE;
				CLANG_CXX_LANGUAGE_STANDARD = "gnu++14";
				CLANG_CXX_LIBRARY = "libc++";
				CLANG_ENABLE_MODULES = YES;
				CLANG_ENABLE_OBJC_ARC = YES;
				CLANG_WARN_BLOCK_CAPTURE_AUTORELEASING = YES;
				CLANG_WARN_BOOL_CONVERSION = YES;
				CLANG_WARN_COMMA = YES;
				CLANG_WARN_CONSTANT_CONVERSION = YES;
				CLANG_WARN_DIRECT_OBJC_ISA_USAGE = YES_ERROR;
				CLANG_WARN_DOCUMENTATION_COMMENTS = YES;
				CLANG_WARN_EMPTY_BODY = YES;
				CLANG_WARN_ENUM_CONVERSION = YES;
				CLANG_WARN_INFINITE_RECURSION = YES;
				CLANG_WARN_INT_CONVERSION = YES;
				CLANG_WARN_NON_LITERAL_NULL_CONVERSION = YES;
				CLANG_WARN_OBJC_LITERAL_CONVERSION = YES;
				CLANG_WARN_OBJC_ROOT_CLASS = YES_ERROR;
				CLANG_WARN_RANGE_LOOP_ANALYSIS = YES;
				CLANG_WARN_STRICT_PROTOTYPES = YES;
				CLANG_WARN_SUSPICIOUS_MOVE = YES;
				CLANG_WARN_UNGUARDED_AVAILABILITY = YES_AGGRESSIVE;
				CLANG_WARN_UNREACHABLE_CODE = YES;
				CLANG_WARN__DUPLICATE_METHOD_MATCH = YES;
				CODE_SIGN_IDENTITY = "iPhone Developer";
				COPY_PHASE_STRIP = NO;
				DEBUG_INFORMATION_FORMAT = "dwarf-with-dsym";
				ENABLE_NS_ASSERTIONS = NO;
				ENABLE_STRICT_OBJC_MSGSEND = YES;
				GCC_C_LANGUAGE_STANDARD = gnu11;
				GCC_NO_COMMON_BLOCKS = YES;
				GCC_WARN_64_TO_32_BIT_CONVERSION = YES;
				GCC_WARN_ABOUT_RETURN_TYPE = YES_ERROR;
				GCC_WARN_UNDECLARED_SELECTOR = YES;
				GCC_WARN_UNINITIALIZED_AUTOS = YES_AGGRESSIVE;
				GCC_WARN_UNUSED_FUNCTION = YES;
				GCC_WARN_UNUSED_VARIABLE = YES;
				IPHONEOS_DEPLOYMENT_TARGET = 11.2;
				MTL_ENABLE_DEBUG_INFO = NO;
				SDKROOT = iphoneos;
				SWIFT_OPTIMIZATION_LEVEL = "-Owholemodule";
				VALIDATE_PRODUCT = YES;
			};
			name = Release;
		};
		48C156DB223B2F9700AC6B44 /* Debug */ = {
			isa = XCBuildConfiguration;
			buildSettings = {
				ASSETCATALOG_COMPILER_APPICON_NAME = AppIcon;
				CODE_SIGN_STYLE = Automatic;
				INFOPLIST_FILE = "firebase-demo/Info.plist";
				LD_RUNPATH_SEARCH_PATHS = "$(inherited) @executable_path/Frameworks";
				PRODUCT_BUNDLE_IDENTIFIER = "com.example.firebase-demo";
				PRODUCT_NAME = "$(TARGET_NAME)";
				SWIFT_VERSION = 4.0;
				TARGETED_DEVICE_FAMILY = "1,2";
			};
			name = Debug;
		};
		48C156DC223B2F9700AC6B44 /* Release */ = {
			isa = XCBuildConfiguration;
			buildSettings = {
				ASSETCATALOG_COMPILER_APPICON_NAME = AppIcon;
				CODE_SIGN_STYLE = Automatic;
				INFOPLIST_FILE = "firebase-demo/Info.plist";
				LD_RUNPATH_SEARCH_PATHS = "$(inherited) @executable_path/Frameworks";
				PRODUCT_BUNDLE_IDENTIFIER = "com.example.firebase-demo";
				PRODUCT_NAME = "$(TARGET_NAME)";
				SWIFT_VERSION = 4.0;
				TARGETED_DEVICE_FAMILY = "1,2";
			};
			name = Release;
		};
		48C156DE223B2F9700AC6B44 /* Debug */ = {
			isa = XCBuildConfiguration;
			buildSettings = {
				ALWAYS_EMBED_SWIFT_STANDARD_LIBRARIES = YES;
				BUNDLE_LOADER = "$(TEST_HOST)";
				CODE_SIGN_STYLE = Automatic;
				INFOPLIST_FILE = "firebase-demoTests/Info.plist";
				LD_RUNPATH_SEARCH_PATHS = "$(inherited) @executable_path/Frameworks @loader_path/Frameworks";
				PRODUCT_BUNDLE_IDENTIFIER = "com.example.firebase-demoTests";
				PRODUCT_NAME = "$(TARGET_NAME)";
				SWIFT_VERSION = 4.0;
				TARGETED_DEVICE_FAMILY = "1,2";
				TEST_HOST = "$(BUILT_PRODUCTS_DIR)/firebase-demo.app/firebase-demo";
			};
			name = Debug;
		};
		48C156DF223B2F9700AC6B44 /* Release */ = {
			isa = XCBuildConfiguration;
			buildSettings = {
				ALWAYS_EMBED_SWIFT_STANDARD_LIBRARIES = YES;
				BUNDLE_LOADER = "$(TEST_HOST)";
				CODE_SIGN_STYLE = Automatic;
				INFOPLIST_FILE = "firebase-demoTests/Info.plist";
				LD_RUNPATH_SEARCH_PATHS = "$(inherited) @executable_path/Frameworks @loader_path/Frameworks";
				PRODUCT_BUNDLE_IDENTIFIER = "com.example.firebase-demoTests";
				PRODUCT_NAME = "$(TARGET_NAME)";
				SWIFT_VERSION = 4.0;
				TARGETED_DEVICE_FAMILY = "1,2";
				TEST_HOST = "$(BUILT_PRODUCTS_DIR)/firebase-demo.app/firebase-demo";
			};
			name = Release;
		};
		48C156E1223B2F9700AC6B44 /* Debug */ = {
			isa = XCBuildConfiguration;
			buildSettings = {
				ALWAYS_EMBED_SWIFT_STANDARD_LIBRARIES = YES;
				CODE_SIGN_STYLE = Automatic;
				INFOPLIST_FILE = "firebase-demoUITests/Info.plist";
				LD_RUNPATH_SEARCH_PATHS = "$(inherited) @executable_path/Frameworks @loader_path/Frameworks";
				PRODUCT_BUNDLE_IDENTIFIER = "com.example.firebase-demoUITests";
				PRODUCT_NAME = "$(TARGET_NAME)";
				SWIFT_VERSION = 4.0;
				TARGETED_DEVICE_FAMILY = "1,2";
				TEST_TARGET_NAME = "firebase-demo";
			};
			name = Debug;
		};
		48C156E2223B2F9700AC6B44 /* Release */ = {
			isa = XCBuildConfiguration;
			buildSettings = {
				ALWAYS_EMBED_SWIFT_STANDARD_LIBRARIES = YES;
				CODE_SIGN_STYLE = Automatic;
				INFOPLIST_FILE = "firebase-demoUITests/Info.plist";
				LD_RUNPATH_SEARCH_PATHS = "$(inherited) @executable_path/Frameworks @loader_path/Frameworks";
				PRODUCT_BUNDLE_IDENTIFIER = "com.example.firebase-demoUITests";
				PRODUCT_NAME = "$(TARGET_NAME)";
				SWIFT_VERSION = 4.0;
				TARGETED_DEVICE_FAMILY = "1,2";
				TEST_TARGET_NAME = "firebase-demo";
			};
			name = Release;
		};
/* End XCBuildConfiguration section */

/* Begin XCConfigurationList section */
		48C156AD223B2F9700AC6B44 /* Build configuration list for PBXProject "firebase-demo" */ = {
			isa = XCConfigurationList;
			buildConfigurations = (
				48C156D8223B2F9700AC6B44 /* Debug */,
				48C156D9223B2F9700AC6B44 /* Release */,
			);
			defaultConfigurationIsVisible = 0;
			defaultConfigurationName = Release;
		};
		48C156DA223B2F9700AC6B44 /* Build configuration list for PBXNativeTarget "firebase-demo" */ = {
			isa = XCConfigurationList;
			buildConfigurations = (
				48C156DB223B2F9700AC6B44 /* Debug */,
				48C156DC223B2F9700AC6B44 /* Release */,
			);
			defaultConfigurationIsVisible = 0;
			defaultConfigurationName = Release;
		};
		48C156DD223B2F9700AC6B44 /* Build configuration list for PBXNativeTarget "firebase-demoTests" */ = {
			isa = XCConfigurationList;
			buildConfigurations = (
				48C156DE223B2F9700AC6B44 /* Debug */,
				48C156DF223B2F9700AC6B44 /* Release */,
			);
			defaultConfigurationIsVisible = 0;
			defaultConfigurationName = Release;
		};
		48C156E0223B2F9700AC6B44 /* Build configuration list for PBXNativeTarget "firebase-demoUITests" */ = {
			isa = XCConfigurationList;
			buildConfigurations = (
				48C156E1223B2F9700AC6B44 /* Debug */,
				48C156E2223B2F9700AC6B44 /* Release */,
			);
			defaultConfigurationIsVisible = 0;
			defaultConfigurationName = Release;
		};
/* End XCConfigurationList section */
	};
	rootObject = 48C156AA223B2F9700AC6B44 /* Project object */;
}
